
Microsoft Visual Studio Solution File, Format Version 12.00
# Visual Studio Version 16
VisualStudioVersion = 16.0.29613.14
MinimumVisualStudioVersion = 10.0.40219.1
Project("{9A19103F-16F7-4668-BE54-9A1E7A4F7556}") = "WirelessMediaTest.Domain", "WirelessMediaTest.Domain\WirelessMediaTest.Domain.csproj", "{695A56D6-1535-4787-9BDF-7ADA4AEE802C}"
EndProject
Project("{9A19103F-16F7-4668-BE54-9A1E7A4F7556}") = "WirelessMediaTest.EFDataAccess", "WirelessMediaTest.EFDataAccess\WirelessMediaTest.EFDataAccess.csproj", "{325F9D78-9F3D-4BE3-ABF7-2D42BB4FBBFC}"
EndProject
Project("{9A19103F-16F7-4668-BE54-9A1E7A4F7556}") = "WirelessMediaTest.Web", "WirelessMediaTest.Web\WirelessMediaTest.Web.csproj", "{9CB732DA-8DFF-4ACB-B3FD-1626753F481B}"
EndProject
Project("{9A19103F-16F7-4668-BE54-9A1E7A4F7556}") = "WirelessMediaTest.Application", "Application\WirelessMediaTest.Application.csproj", "{FA0F3B54-025E-4E82-BD9E-89A45A0A59BF}"
EndProject
Project("{9A19103F-16F7-4668-BE54-9A1E7A4F7556}") = "WirelessMediaTest.EFCommands", "EFCommands\WirelessMediaTest.EFCommands.csproj", "{B6F73709-E577-4C4E-8A47-ADA9ADC8A217}"
EndProject
Global
	GlobalSection(SolutionConfigurationPlatforms) = preSolution
		Debug|Any CPU = Debug|Any CPU
		Release|Any CPU = Release|Any CPU
	EndGlobalSection
	GlobalSection(ProjectConfigurationPlatforms) = postSolution
		{695A56D6-1535-4787-9BDF-7ADA4AEE802C}.Debug|Any CPU.ActiveCfg = Debug|Any CPU
		{695A56D6-1535-4787-9BDF-7ADA4AEE802C}.Debug|Any CPU.Build.0 = Debug|Any CPU
		{695A56D6-1535-4787-9BDF-7ADA4AEE802C}.Release|Any CPU.ActiveCfg = Release|Any CPU
		{695A56D6-1535-4787-9BDF-7ADA4AEE802C}.Release|Any CPU.Build.0 = Release|Any CPU
		{325F9D78-9F3D-4BE3-ABF7-2D42BB4FBBFC}.Debug|Any CPU.ActiveCfg = Debug|Any CPU
		{325F9D78-9F3D-4BE3-ABF7-2D42BB4FBBFC}.Debug|Any CPU.Build.0 = Debug|Any CPU
		{325F9D78-9F3D-4BE3-ABF7-2D42BB4FBBFC}.Release|Any CPU.ActiveCfg = Release|Any CPU
		{325F9D78-9F3D-4BE3-ABF7-2D42BB4FBBFC}.Release|Any CPU.Build.0 = Release|Any CPU
		{9CB732DA-8DFF-4ACB-B3FD-1626753F481B}.Debug|Any CPU.ActiveCfg = Debug|Any CPU
		{9CB732DA-8DFF-4ACB-B3FD-1626753F481B}.Debug|Any CPU.Build.0 = Debug|Any CPU
		{9CB732DA-8DFF-4ACB-B3FD-1626753F481B}.Release|Any CPU.ActiveCfg = Release|Any CPU
		{9CB732DA-8DFF-4ACB-B3FD-1626753F481B}.Release|Any CPU.Build.0 = Release|Any CPU
		{FA0F3B54-025E-4E82-BD9E-89A45A0A59BF}.Debug|Any CPU.ActiveCfg = Debug|Any CPU
		{FA0F3B54-025E-4E82-BD9E-89A45A0A59BF}.Debug|Any CPU.Build.0 = Debug|Any CPU
		{FA0F3B54-025E-4E82-BD9E-89A45A0A59BF}.Release|Any CPU.ActiveCfg = Release|Any CPU
		{FA0F3B54-025E-4E82-BD9E-89A45A0A59BF}.Release|Any CPU.Build.0 = Release|Any CPU
		{B6F73709-E577-4C4E-8A47-ADA9ADC8A217}.Debug|Any CPU.ActiveCfg = Debug|Any CPU
		{B6F73709-E577-4C4E-8A47-ADA9ADC8A217}.Debug|Any CPU.Build.0 = Debug|Any CPU
		{B6F73709-E577-4C4E-8A47-ADA9ADC8A217}.Release|Any CPU.ActiveCfg = Release|Any CPU
		{B6F73709-E577-4C4E-8A47-ADA9ADC8A217}.Release|Any CPU.Build.0 = Release|Any CPU
	EndGlobalSection
	GlobalSection(SolutionProperties) = preSolution
		HideSolutionNode = FALSE
	EndGlobalSection
	GlobalSection(ExtensibilityGlobals) = postSolution
		SolutionGuid = {0E27B828-DE74-43AA-AECB-C63C8FDFAA26}
	EndGlobalSection
EndGlobal
